Microsoft Visual Studio Solution File, Format Version 12.00
# Visual Studio 15
VisualStudioVersion = 15.0.27428.2015
MinimumVisualStudioVersion = 10.0.40219.1
Project("{9A19103F-16F7-4668-BE54-9A1E7A4F7556}") = "EventHubSender", "EventHubSender.csproj", "{447011E9-E32A-4457-AC49-A6165BEF39F7}"
EndProject
Global
	GlobalSection(SolutionConfigurationPlatforms) = preSolution
		Debug|Any CPU = Debug|Any CPU
		Release|Any CPU = Release|Any CPU
	EndGlobalSection
	GlobalSection(ProjectConfigurationPlatforms) = postSolution
		{447011E9-E32A-4457-AC49-A6165BEF39F7}.Debug|Any CPU.ActiveCfg = Debug|Any CPU
		{447011E9-E32A-4457-AC49-A6165BEF39F7}.Debug|Any CPU.Build.0 = Debug|Any CPU
		{447011E9-E32A-4457-AC49-A6165BEF39F7}.Release|Any CPU.ActiveCfg = Release|Any CPU
		{447011E9-E32A-4457-AC49-A6165BEF39F7}.Release|Any CPU.Build.0 = Release|Any CPU
	EndGlobalSection
	GlobalSection(SolutionProperties) = preSolution
		HideSolutionNode = FALSE
	EndGlobalSection
	GlobalSection(ExtensibilityGlobals) = postSolution
		SolutionGuid = {9EC93C14-AB56-4587-95E5-19A434ECD202}
	EndGlobalSection
EndGlobal
